
Microsoft Visual Studio Solution File, Format Version 12.00
# Visual Studio Version 17
VisualStudioVersion = 17.7.34221.43
MinimumVisualStudioVersion = 10.0.40219.1
Project("{FAE04EC0-301F-11D3-BF4B-00C04F79EFBC}") = "Expanse Tracker", "Expanse Tracker\Expanse Tracker.csproj", "{028306F1-5BC4-4BA7-98A8-B12923606DB3}"
EndProject
Project("{2150E333-8FDC-42A3-9474-1A3956D46DE8}") = "Solution Items", "Solution Items", "{C2032024-36EE-42E6-BD40-FE687110D328}"
	ProjectSection(SolutionItems) = preProject
		.editorconfig = .editorconfig
	EndProjectSection
EndProject
Global
	GlobalSection(SolutionConfigurationPlatforms) = preSolution
		Debug|Any CPU = Debug|Any CPU
		Release|Any CPU = Release|Any CPU
	EndGlobalSection
	GlobalSection(ProjectConfigurationPlatforms) = postSolution
		{028306F1-5BC4-4BA7-98A8-B12923606DB3}.Debug|Any CPU.ActiveCfg = Debug|Any CPU
		{028306F1-5BC4-4BA7-98A8-B12923606DB3}.Debug|Any CPU.Build.0 = Debug|Any CPU
		{028306F1-5BC4-4BA7-98A8-B12923606DB3}.Release|Any CPU.ActiveCfg = Release|Any CPU
		{028306F1-5BC4-4BA7-98A8-B12923606DB3}.Release|Any CPU.Build.0 = Release|Any CPU
	EndGlobalSection
	GlobalSection(SolutionProperties) = preSolution
		HideSolutionNode = FALSE
	EndGlobalSection
	GlobalSection(ExtensibilityGlobals) = postSolution
		SolutionGuid = {8DEE6F27-D881-4A6A-A40B-8A0926F8FF20}
	EndGlobalSection
EndGlobal
